
Microsoft Visual Studio Solution File, Format Version 12.00
# Visual Studio Version 16
VisualStudioVersion = 16.0.29920.165
MinimumVisualStudioVersion = 10.0.40219.1
Project("{FAE04EC0-301F-11D3-BF4B-00C04F79EFBC}") = "TextVenture.Core", "TextVenture.Core\TextVenture.Core.csproj", "{7E7089F5-C555-4B94-B613-D27FE177417E}"
EndProject
Project("{FAE04EC0-301F-11D3-BF4B-00C04F79EFBC}") = "TextVenture.Tester", "TextVenture.Tester\TextVenture.Tester.csproj", "{06DE1636-07C0-4CF1-BBE6-21AD775EBFDC}"
EndProject
Project("{9A19103F-16F7-4668-BE54-9A1E7A4F7556}") = "TextVenture.Admin.WebView", "TextVenture.Admin.WebView\TextVenture.Admin.WebView.csproj", "{F956704B-E0C1-44F3-9085-8C69B67AED5F}"
EndProject
Project("{9A19103F-16F7-4668-BE54-9A1E7A4F7556}") = "TextVenture.DAL", "TextVenture.Core.DAL\TextVenture.DAL.csproj", "{5C875247-49BD-417F-A048-D25FCED303CA}"
EndProject
Global
	GlobalSection(SolutionConfigurationPlatforms) = preSolution
		Debug|Any CPU = Debug|Any CPU
		Release|Any CPU = Release|Any CPU
	EndGlobalSection
	GlobalSection(ProjectConfigurationPlatforms) = postSolution
		{7E7089F5-C555-4B94-B613-D27FE177417E}.Debug|Any CPU.ActiveCfg = Debug|Any CPU
		{7E7089F5-C555-4B94-B613-D27FE177417E}.Debug|Any CPU.Build.0 = Debug|Any CPU
		{7E7089F5-C555-4B94-B613-D27FE177417E}.Release|Any CPU.ActiveCfg = Release|Any CPU
		{7E7089F5-C555-4B94-B613-D27FE177417E}.Release|Any CPU.Build.0 = Release|Any CPU
		{06DE1636-07C0-4CF1-BBE6-21AD775EBFDC}.Debug|Any CPU.ActiveCfg = Debug|Any CPU
		{06DE1636-07C0-4CF1-BBE6-21AD775EBFDC}.Debug|Any CPU.Build.0 = Debug|Any CPU
		{06DE1636-07C0-4CF1-BBE6-21AD775EBFDC}.Release|Any CPU.ActiveCfg = Release|Any CPU
		{06DE1636-07C0-4CF1-BBE6-21AD775EBFDC}.Release|Any CPU.Build.0 = Release|Any CPU
		{F956704B-E0C1-44F3-9085-8C69B67AED5F}.Debug|Any CPU.ActiveCfg = Debug|Any CPU
		{F956704B-E0C1-44F3-9085-8C69B67AED5F}.Debug|Any CPU.Build.0 = Debug|Any CPU
		{F956704B-E0C1-44F3-9085-8C69B67AED5F}.Release|Any CPU.ActiveCfg = Release|Any CPU
		{F956704B-E0C1-44F3-9085-8C69B67AED5F}.Release|Any CPU.Build.0 = Release|Any CPU
		{5C875247-49BD-417F-A048-D25FCED303CA}.Debug|Any CPU.ActiveCfg = Debug|Any CPU
		{5C875247-49BD-417F-A048-D25FCED303CA}.Debug|Any CPU.Build.0 = Debug|Any CPU
		{5C875247-49BD-417F-A048-D25FCED303CA}.Release|Any CPU.ActiveCfg = Release|Any CPU
		{5C875247-49BD-417F-A048-D25FCED303CA}.Release|Any CPU.Build.0 = Release|Any CPU
	EndGlobalSection
	GlobalSection(SolutionProperties) = preSolution
		HideSolutionNode = FALSE
	EndGlobalSection
	GlobalSection(ExtensibilityGlobals) = postSolution
		SolutionGuid = {D39170DB-A604-4C62-8360-BDE23DFA66CF}
	EndGlobalSection
EndGlobal
